
Microsoft Visual Studio Solution File, Format Version 12.00
# Visual Studio 15
VisualStudioVersion = 15.0.28307.852
MinimumVisualStudioVersion = 10.0.40219.1
Project("{FAE04EC0-301F-11D3-BF4B-00C04F79EFBC}") = "TestAsyncVsThread", "TestAsyncVsThread.csproj", "{FD683D43-7D68-445C-996B-E04707FE8F46}"
EndProject
Global
	GlobalSection(SolutionConfigurationPlatforms) = preSolution
		Debug|Any CPU = Debug|Any CPU
		Release|Any CPU = Release|Any CPU
	EndGlobalSection
	GlobalSection(ProjectConfigurationPlatforms) = postSolution
		{FD683D43-7D68-445C-996B-E04707FE8F46}.Debug|Any CPU.ActiveCfg = Debug|Any CPU
		{FD683D43-7D68-445C-996B-E04707FE8F46}.Debug|Any CPU.Build.0 = Debug|Any CPU
		{FD683D43-7D68-445C-996B-E04707FE8F46}.Release|Any CPU.ActiveCfg = Release|Any CPU
		{FD683D43-7D68-445C-996B-E04707FE8F46}.Release|Any CPU.Build.0 = Release|Any CPU
	EndGlobalSection
	GlobalSection(SolutionProperties) = preSolution
		HideSolutionNode = FALSE
	EndGlobalSection
	GlobalSection(ExtensibilityGlobals) = postSolution
		SolutionGuid = {D23C24CF-000C-42EA-ACB6-19668DAFA18C}
	EndGlobalSection
EndGlobal
